
Microsoft Visual Studio Solution File, Format Version 12.00
# Visual Studio Version 17
VisualStudioVersion = 17.9.34728.123
MinimumVisualStudioVersion = 10.0.40219.1
Project("{2150E333-8FDC-42A3-9474-1A3956D46DE8}") = "FrotEnd", "FrotEnd", "{5E47DD4B-C326-4853-B6FC-72FB9D2F4C6D}"
EndProject
Project("{2150E333-8FDC-42A3-9474-1A3956D46DE8}") = "Gateway", "Gateway", "{C54CD4CF-2312-4452-8E79-19372C4405E7}"
EndProject
Project("{2150E333-8FDC-42A3-9474-1A3956D46DE8}") = "Integration", "Integration", "{3C8B7315-3528-4870-836D-24A4C9D2CF1D}"
EndProject
Project("{2150E333-8FDC-42A3-9474-1A3956D46DE8}") = "Services", "Services", "{4BC703C3-C2AB-4170-AEB2-5C079DDD161F}"
EndProject
Project("{9A19103F-16F7-4668-BE54-9A1E7A4F7556}") = "Mango.Services.CouponApi", "Mango.Services.CoipomApi\Mango.Services.CouponApi.csproj", "{EFBF42C0-1756-4C4D-8279-EA6BB2E72DE4}"
EndProject
Project("{9A19103F-16F7-4668-BE54-9A1E7A4F7556}") = "Mango.Web", "Mango.Web\Mango.Web.csproj", "{1B48465F-9026-409E-8746-2224D67F9EA6}"
EndProject
Project("{9A19103F-16F7-4668-BE54-9A1E7A4F7556}") = "Mango.Services.AuthAPI", "Mango.Services.AuthAPI\Mango.Services.AuthAPI.csproj", "{0FE56B32-A61C-4923-83E4-DEEAB075779C}"
EndProject
Project("{9A19103F-16F7-4668-BE54-9A1E7A4F7556}") = "Mango.Services.ProductAPI", "Mango.Services.ProductAPI\Mango.Services.ProductAPI.csproj", "{A92D364F-87A3-4EAE-BADB-05867CA3DF69}"
EndProject
Project("{9A19103F-16F7-4668-BE54-9A1E7A4F7556}") = "Mango.Services.ShopingCartApi", "Mango.Services.ShopingCartApi\Mango.Services.ShopingCartApi.csproj", "{F84CEF90-8A5B-42DB-9A2A-6355F19A965B}"
EndProject
Project("{9A19103F-16F7-4668-BE54-9A1E7A4F7556}") = "Mango.MessageBus", "Integration\Mango.MessageBus\Mango.MessageBus.csproj", "{CE966EE2-AC32-463D-B142-DF36E6003FC5}"
EndProject
Project("{9A19103F-16F7-4668-BE54-9A1E7A4F7556}") = "Mango.Services.EmailAPI", "Mango.Services.EmailAPI\Mango.Services.EmailAPI.csproj", "{EC669696-8A75-4E8F-BEDC-91E46A71F257}"
EndProject
Project("{FAE04EC0-301F-11D3-BF4B-00C04F79EFBC}") = "Mango.Services.OrderAPI", "Mango.Services.OrderAPI\Mango.Services.OrderAPI.csproj", "{13241BBF-22C7-4864-A273-2A85C89D7CE8}"
EndProject
Global
	GlobalSection(SolutionConfigurationPlatforms) = preSolution
		Debug|Any CPU = Debug|Any CPU
		Release|Any CPU = Release|Any CPU
	EndGlobalSection
	GlobalSection(ProjectConfigurationPlatforms) = postSolution
		{EFBF42C0-1756-4C4D-8279-EA6BB2E72DE4}.Debug|Any CPU.ActiveCfg = Debug|Any CPU
		{EFBF42C0-1756-4C4D-8279-EA6BB2E72DE4}.Debug|Any CPU.Build.0 = Debug|Any CPU
		{EFBF42C0-1756-4C4D-8279-EA6BB2E72DE4}.Release|Any CPU.ActiveCfg = Release|Any CPU
		{EFBF42C0-1756-4C4D-8279-EA6BB2E72DE4}.Release|Any CPU.Build.0 = Release|Any CPU
		{1B48465F-9026-409E-8746-2224D67F9EA6}.Debug|Any CPU.ActiveCfg = Debug|Any CPU
		{1B48465F-9026-409E-8746-2224D67F9EA6}.Debug|Any CPU.Build.0 = Debug|Any CPU
		{1B48465F-9026-409E-8746-2224D67F9EA6}.Release|Any CPU.ActiveCfg = Release|Any CPU
		{1B48465F-9026-409E-8746-2224D67F9EA6}.Release|Any CPU.Build.0 = Release|Any CPU
		{0FE56B32-A61C-4923-83E4-DEEAB075779C}.Debug|Any CPU.ActiveCfg = Debug|Any CPU
		{0FE56B32-A61C-4923-83E4-DEEAB075779C}.Debug|Any CPU.Build.0 = Debug|Any CPU
		{0FE56B32-A61C-4923-83E4-DEEAB075779C}.Release|Any CPU.ActiveCfg = Release|Any CPU
		{0FE56B32-A61C-4923-83E4-DEEAB075779C}.Release|Any CPU.Build.0 = Release|Any CPU
		{A92D364F-87A3-4EAE-BADB-05867CA3DF69}.Debug|Any CPU.ActiveCfg = Debug|Any CPU
		{A92D364F-87A3-4EAE-BADB-05867CA3DF69}.Debug|Any CPU.Build.0 = Debug|Any CPU
		{A92D364F-87A3-4EAE-BADB-05867CA3DF69}.Release|Any CPU.ActiveCfg = Release|Any CPU
		{A92D364F-87A3-4EAE-BADB-05867CA3DF69}.Release|Any CPU.Build.0 = Release|Any CPU
		{F84CEF90-8A5B-42DB-9A2A-6355F19A965B}.Debug|Any CPU.ActiveCfg = Debug|Any CPU
		{F84CEF90-8A5B-42DB-9A2A-6355F19A965B}.Debug|Any CPU.Build.0 = Debug|Any CPU
		{F84CEF90-8A5B-42DB-9A2A-6355F19A965B}.Release|Any CPU.ActiveCfg = Release|Any CPU
		{F84CEF90-8A5B-42DB-9A2A-6355F19A965B}.Release|Any CPU.Build.0 = Release|Any CPU
		{CE966EE2-AC32-463D-B142-DF36E6003FC5}.Debug|Any CPU.ActiveCfg = Debug|Any CPU
		{CE966EE2-AC32-463D-B142-DF36E6003FC5}.Debug|Any CPU.Build.0 = Debug|Any CPU
		{CE966EE2-AC32-463D-B142-DF36E6003FC5}.Release|Any CPU.ActiveCfg = Release|Any CPU
		{CE966EE2-AC32-463D-B142-DF36E6003FC5}.Release|Any CPU.Build.0 = Release|Any CPU
		{EC669696-8A75-4E8F-BEDC-91E46A71F257}.Debug|Any CPU.ActiveCfg = Debug|Any CPU
		{EC669696-8A75-4E8F-BEDC-91E46A71F257}.Debug|Any CPU.Build.0 = Debug|Any CPU
		{EC669696-8A75-4E8F-BEDC-91E46A71F257}.Release|Any CPU.ActiveCfg = Release|Any CPU
		{EC669696-8A75-4E8F-BEDC-91E46A71F257}.Release|Any CPU.Build.0 = Release|Any CPU
		{13241BBF-22C7-4864-A273-2A85C89D7CE8}.Debug|Any CPU.ActiveCfg = Debug|Any CPU
		{13241BBF-22C7-4864-A273-2A85C89D7CE8}.Debug|Any CPU.Build.0 = Debug|Any CPU
		{13241BBF-22C7-4864-A273-2A85C89D7CE8}.Release|Any CPU.ActiveCfg = Release|Any CPU
		{13241BBF-22C7-4864-A273-2A85C89D7CE8}.Release|Any CPU.Build.0 = Release|Any CPU
	EndGlobalSection
	GlobalSection(SolutionProperties) = preSolution
		HideSolutionNode = FALSE
	EndGlobalSection
	GlobalSection(NestedProjects) = preSolution
		{EFBF42C0-1756-4C4D-8279-EA6BB2E72DE4} = {4BC703C3-C2AB-4170-AEB2-5C079DDD161F}
		{1B48465F-9026-409E-8746-2224D67F9EA6} = {5E47DD4B-C326-4853-B6FC-72FB9D2F4C6D}
		{0FE56B32-A61C-4923-83E4-DEEAB075779C} = {4BC703C3-C2AB-4170-AEB2-5C079DDD161F}
		{A92D364F-87A3-4EAE-BADB-05867CA3DF69} = {4BC703C3-C2AB-4170-AEB2-5C079DDD161F}
		{F84CEF90-8A5B-42DB-9A2A-6355F19A965B} = {4BC703C3-C2AB-4170-AEB2-5C079DDD161F}
		{CE966EE2-AC32-463D-B142-DF36E6003FC5} = {3C8B7315-3528-4870-836D-24A4C9D2CF1D}
		{EC669696-8A75-4E8F-BEDC-91E46A71F257} = {4BC703C3-C2AB-4170-AEB2-5C079DDD161F}
		{13241BBF-22C7-4864-A273-2A85C89D7CE8} = {4BC703C3-C2AB-4170-AEB2-5C079DDD161F}
	EndGlobalSection
	GlobalSection(ExtensibilityGlobals) = postSolution
		SolutionGuid = {7EC3227A-E493-44FD-8914-7881A10698A1}
	EndGlobalSection
EndGlobal
